
Microsoft Visual Studio Solution File, Format Version 12.00
# Visual Studio 15
VisualStudioVersion = 15.0.27004.2005
MinimumVisualStudioVersion = 10.0.40219.1
Project("{8BC9CEB8-8B4A-11D0-8D11-00A0C91BC942}") = "Union_Find", "Union_Find\Union_Find.vcxproj", "{65AFBC34-A19F-4CDB-B03F-62EB9D37DCC5}"
EndProject
Project("{2150E333-8FDC-42A3-9474-1A3956D46DE8}") = "Solution Items", "Solution Items", "{81EADB2A-F4EC-4B94-B971-334F82C1D888}"
	ProjectSection(SolutionItems) = preProject
		README.md = README.md
	EndProjectSection
EndProject
Project("{8BC9CEB8-8B4A-11D0-8D11-00A0C91BC942}") = "median-of-two-sorted-arrays", "leetcode\0004-median-of-two-sorted-arrays\median-of-two-sorted-arrays\median-of-two-sorted-arrays.vcxproj", "{6F012EE0-EC40-4CDD-B3E4-653337DB857B}"
EndProject
Project("{8BC9CEB8-8B4A-11D0-8D11-00A0C91BC942}") = "zigzag-comversion", "leetcode\0006-zigzag-comversion\zigzag-comversion\zigzag-comversion.vcxproj", "{BD040C0B-92A8-44F8-A1F4-90DF826751B6}"
EndProject
Project("{8BC9CEB8-8B4A-11D0-8D11-00A0C91BC942}") = "longest-palindromic-substring", "leetcode\0005-longest-palindromic-substring\longest-palindromic-substring\longest-palindromic-substring.vcxproj", "{2507B378-D228-4D88-9F51-0A1D97100F07}"
EndProject
Project("{8BC9CEB8-8B4A-11D0-8D11-00A0C91BC942}") = "hamming-distance", "leetcode\0461-hamming-distance\hamming-distance\hamming-distance.vcxproj", "{DB9466EA-870D-49DE-B32D-0192207F6B3C}"
EndProject
Project("{8BC9CEB8-8B4A-11D0-8D11-00A0C91BC942}") = "concatenated-words", "leetcode\0472-concatenated-words\concatenated-words\concatenated-words.vcxproj", "{39B0E323-4000-4205-A660-71651917C9F0}"
EndProject
Project("{8BC9CEB8-8B4A-11D0-8D11-00A0C91BC942}") = "add-and-search-word", "leetcode\0211-add-and-search-word\add-and-search-word\add-and-search-word.vcxproj", "{EFF82058-258A-49CB-91D1-B180F9AFD1A0}"
EndProject
Project("{8BC9CEB8-8B4A-11D0-8D11-00A0C91BC942}") = "implement-trie(prefix-tree)", "leetcode\0208-implement-trie(prefix-tree)\implement-trie(prefix-tree)\implement-trie(prefix-tree).vcxproj", "{1C7B0C3F-2461-4FE6-A7BB-00685A477889}"
EndProject
Project("{8BC9CEB8-8B4A-11D0-8D11-00A0C91BC942}") = "3sum", "leetcode\0015-3sum\3sum\3sum.vcxproj", "{1D4131FE-96B3-4B4F-8BD4-B4E8ACCED5EB}"
EndProject
Project("{8BC9CEB8-8B4A-11D0-8D11-00A0C91BC942}") = "4sum", "leetcode\0018-4sum\4sum\4sum.vcxproj", "{FE140B58-22AC-444D-9090-974B30B444B7}"
EndProject
Project("{8BC9CEB8-8B4A-11D0-8D11-00A0C91BC942}") = "hash_learning", "data_structure_learning\hash_learning\hash_learning\hash_learning.vcxproj", "{57402BA1-7413-48E9-843B-56D1B33605F9}"
EndProject
Project("{8BC9CEB8-8B4A-11D0-8D11-00A0C91BC942}") = "regular-expression-matching", "leetcode\0010-regular-expression-matching\regular-expression-matching\regular-expression-matching.vcxproj", "{F497E634-BDAD-4066-97AC-AA26AC61CA3B}"
EndProject
Project("{8BC9CEB8-8B4A-11D0-8D11-00A0C91BC942}") = "string-to-integer", "leetcode\0008-string-to-integer\string-to-integer\string-to-integer.vcxproj", "{43ECCD36-99A1-4990-BB7B-EF32F42340A4}"
EndProject
Project("{8BC9CEB8-8B4A-11D0-8D11-00A0C91BC942}") = "palindrom-number", "leetcode\0009-palindrom-number\palindrom-number\palindrom-number.vcxproj", "{070ECC2D-3298-4E5C-BBD6-0EA127B2A0E0}"
EndProject
Project("{8BC9CEB8-8B4A-11D0-8D11-00A0C91BC942}") = "container-with-most-water", "leetcode\0011-container-with-most-water\container-with-most-water\container-with-most-water.vcxproj", "{237874DB-92B5-4B41-A100-FA5881233C17}"
EndProject
Project("{8BC9CEB8-8B4A-11D0-8D11-00A0C91BC942}") = "integer-to-roman", "leetcode\0012-integer-to-roman\integer-to-roman\integer-to-roman.vcxproj", "{CA8E0929-0332-4F48-8547-4C9E2C93CE52}"
EndProject
Global
	GlobalSection(SolutionConfigurationPlatforms) = preSolution
		Debug|x64 = Debug|x64
		Debug|x86 = Debug|x86
		Release|x64 = Release|x64
		Release|x86 = Release|x86
	EndGlobalSection
	GlobalSection(ProjectConfigurationPlatforms) = postSolution
		{65AFBC34-A19F-4CDB-B03F-62EB9D37DCC5}.Debug|x64.ActiveCfg = Debug|x64
		{65AFBC34-A19F-4CDB-B03F-62EB9D37DCC5}.Debug|x64.Build.0 = Debug|x64
		{65AFBC34-A19F-4CDB-B03F-62EB9D37DCC5}.Debug|x86.ActiveCfg = Debug|Win32
		{65AFBC34-A19F-4CDB-B03F-62EB9D37DCC5}.Debug|x86.Build.0 = Debug|Win32
		{65AFBC34-A19F-4CDB-B03F-62EB9D37DCC5}.Release|x64.ActiveCfg = Release|x64
		{65AFBC34-A19F-4CDB-B03F-62EB9D37DCC5}.Release|x64.Build.0 = Release|x64
		{65AFBC34-A19F-4CDB-B03F-62EB9D37DCC5}.Release|x86.ActiveCfg = Release|Win32
		{65AFBC34-A19F-4CDB-B03F-62EB9D37DCC5}.Release|x86.Build.0 = Release|Win32
		{6F012EE0-EC40-4CDD-B3E4-653337DB857B}.Debug|x64.ActiveCfg = Debug|x64
		{6F012EE0-EC40-4CDD-B3E4-653337DB857B}.Debug|x64.Build.0 = Debug|x64
		{6F012EE0-EC40-4CDD-B3E4-653337DB857B}.Debug|x86.ActiveCfg = Debug|Win32
		{6F012EE0-EC40-4CDD-B3E4-653337DB857B}.Debug|x86.Build.0 = Debug|Win32
		{6F012EE0-EC40-4CDD-B3E4-653337DB857B}.Release|x64.ActiveCfg = Release|x64
		{6F012EE0-EC40-4CDD-B3E4-653337DB857B}.Release|x64.Build.0 = Release|x64
		{6F012EE0-EC40-4CDD-B3E4-653337DB857B}.Release|x86.ActiveCfg = Release|Win32
		{6F012EE0-EC40-4CDD-B3E4-653337DB857B}.Release|x86.Build.0 = Release|Win32
		{BD040C0B-92A8-44F8-A1F4-90DF826751B6}.Debug|x64.ActiveCfg = Debug|x64
		{BD040C0B-92A8-44F8-A1F4-90DF826751B6}.Debug|x64.Build.0 = Debug|x64
		{BD040C0B-92A8-44F8-A1F4-90DF826751B6}.Debug|x86.ActiveCfg = Debug|Win32
		{BD040C0B-92A8-44F8-A1F4-90DF826751B6}.Debug|x86.Build.0 = Debug|Win32
		{BD040C0B-92A8-44F8-A1F4-90DF826751B6}.Release|x64.ActiveCfg = Release|x64
		{BD040C0B-92A8-44F8-A1F4-90DF826751B6}.Release|x64.Build.0 = Release|x64
		{BD040C0B-92A8-44F8-A1F4-90DF826751B6}.Release|x86.ActiveCfg = Release|Win32
		{BD040C0B-92A8-44F8-A1F4-90DF826751B6}.Release|x86.Build.0 = Release|Win32
		{2507B378-D228-4D88-9F51-0A1D97100F07}.Debug|x64.ActiveCfg = Debug|x64
		{2507B378-D228-4D88-9F51-0A1D97100F07}.Debug|x64.Build.0 = Debug|x64
		{2507B378-D228-4D88-9F51-0A1D97100F07}.Debug|x86.ActiveCfg = Debug|Win32
		{2507B378-D228-4D88-9F51-0A1D97100F07}.Debug|x86.Build.0 = Debug|Win32
		{2507B378-D228-4D88-9F51-0A1D97100F07}.Release|x64.ActiveCfg = Release|x64
		{2507B378-D228-4D88-9F51-0A1D97100F07}.Release|x64.Build.0 = Release|x64
		{2507B378-D228-4D88-9F51-0A1D97100F07}.Release|x86.ActiveCfg = Release|Win32
		{2507B378-D228-4D88-9F51-0A1D97100F07}.Release|x86.Build.0 = Release|Win32
		{DB9466EA-870D-49DE-B32D-0192207F6B3C}.Debug|x64.ActiveCfg = Debug|x64
		{DB9466EA-870D-49DE-B32D-0192207F6B3C}.Debug|x64.Build.0 = Debug|x64
		{DB9466EA-870D-49DE-B32D-0192207F6B3C}.Debug|x86.ActiveCfg = Debug|Win32
		{DB9466EA-870D-49DE-B32D-0192207F6B3C}.Debug|x86.Build.0 = Debug|Win32
		{DB9466EA-870D-49DE-B32D-0192207F6B3C}.Release|x64.ActiveCfg = Release|x64
		{DB9466EA-870D-49DE-B32D-0192207F6B3C}.Release|x64.Build.0 = Release|x64
		{DB9466EA-870D-49DE-B32D-0192207F6B3C}.Release|x86.ActiveCfg = Release|Win32
		{DB9466EA-870D-49DE-B32D-0192207F6B3C}.Release|x86.Build.0 = Release|Win32
		{39B0E323-4000-4205-A660-71651917C9F0}.Debug|x64.ActiveCfg = Debug|x64
		{39B0E323-4000-4205-A660-71651917C9F0}.Debug|x64.Build.0 = Debug|x64
		{39B0E323-4000-4205-A660-71651917C9F0}.Debug|x86.ActiveCfg = Debug|Win32
		{39B0E323-4000-4205-A660-71651917C9F0}.Debug|x86.Build.0 = Debug|Win32
		{39B0E323-4000-4205-A660-71651917C9F0}.Release|x64.ActiveCfg = Release|x64
		{39B0E323-4000-4205-A660-71651917C9F0}.Release|x64.Build.0 = Release|x64
		{39B0E323-4000-4205-A660-71651917C9F0}.Release|x86.ActiveCfg = Release|Win32
		{39B0E323-4000-4205-A660-71651917C9F0}.Release|x86.Build.0 = Release|Win32
		{EFF82058-258A-49CB-91D1-B180F9AFD1A0}.Debug|x64.ActiveCfg = Debug|x64
		{EFF82058-258A-49CB-91D1-B180F9AFD1A0}.Debug|x64.Build.0 = Debug|x64
		{EFF82058-258A-49CB-91D1-B180F9AFD1A0}.Debug|x86.ActiveCfg = Debug|Win32
		{EFF82058-258A-49CB-91D1-B180F9AFD1A0}.Debug|x86.Build.0 = Debug|Win32
		{EFF82058-258A-49CB-91D1-B180F9AFD1A0}.Release|x64.ActiveCfg = Release|x64
		{EFF82058-258A-49CB-91D1-B180F9AFD1A0}.Release|x64.Build.0 = Release|x64
		{EFF82058-258A-49CB-91D1-B180F9AFD1A0}.Release|x86.ActiveCfg = Release|Win32
		{EFF82058-258A-49CB-91D1-B180F9AFD1A0}.Release|x86.Build.0 = Release|Win32
		{1C7B0C3F-2461-4FE6-A7BB-00685A477889}.Debug|x64.ActiveCfg = Debug|x64
		{1C7B0C3F-2461-4FE6-A7BB-00685A477889}.Debug|x64.Build.0 = Debug|x64
		{1C7B0C3F-2461-4FE6-A7BB-00685A477889}.Debug|x86.ActiveCfg = Debug|Win32
		{1C7B0C3F-2461-4FE6-A7BB-00685A477889}.Debug|x86.Build.0 = Debug|Win32
		{1C7B0C3F-2461-4FE6-A7BB-00685A477889}.Release|x64.ActiveCfg = Release|x64
		{1C7B0C3F-2461-4FE6-A7BB-00685A477889}.Release|x64.Build.0 = Release|x64
		{1C7B0C3F-2461-4FE6-A7BB-00685A477889}.Release|x86.ActiveCfg = Release|Win32
		{1C7B0C3F-2461-4FE6-A7BB-00685A477889}.Release|x86.Build.0 = Release|Win32
		{1D4131FE-96B3-4B4F-8BD4-B4E8ACCED5EB}.Debug|x64.ActiveCfg = Debug|x64
		{1D4131FE-96B3-4B4F-8BD4-B4E8ACCED5EB}.Debug|x64.Build.0 = Debug|x64
		{1D4131FE-96B3-4B4F-8BD4-B4E8ACCED5EB}.Debug|x86.ActiveCfg = Debug|Win32
		{1D4131FE-96B3-4B4F-8BD4-B4E8ACCED5EB}.Debug|x86.Build.0 = Debug|Win32
		{1D4131FE-96B3-4B4F-8BD4-B4E8ACCED5EB}.Release|x64.ActiveCfg = Release|x64
		{1D4131FE-96B3-4B4F-8BD4-B4E8ACCED5EB}.Release|x64.Build.0 = Release|x64
		{1D4131FE-96B3-4B4F-8BD4-B4E8ACCED5EB}.Release|x86.ActiveCfg = Release|Win32
		{1D4131FE-96B3-4B4F-8BD4-B4E8ACCED5EB}.Release|x86.Build.0 = Release|Win32
		{FE140B58-22AC-444D-9090-974B30B444B7}.Debug|x64.ActiveCfg = Debug|x64
		{FE140B58-22AC-444D-9090-974B30B444B7}.Debug|x64.Build.0 = Debug|x64
		{FE140B58-22AC-444D-9090-974B30B444B7}.Debug|x86.ActiveCfg = Debug|Win32
		{FE140B58-22AC-444D-9090-974B30B444B7}.Debug|x86.Build.0 = Debug|Win32
		{FE140B58-22AC-444D-9090-974B30B444B7}.Release|x64.ActiveCfg = Release|x64
		{FE140B58-22AC-444D-9090-974B30B444B7}.Release|x64.Build.0 = Release|x64
		{FE140B58-22AC-444D-9090-974B30B444B7}.Release|x86.ActiveCfg = Release|Win32
		{FE140B58-22AC-444D-9090-974B30B444B7}.Release|x86.Build.0 = Release|Win32
		{57402BA1-7413-48E9-843B-56D1B33605F9}.Debug|x64.ActiveCfg = Debug|x64
		{57402BA1-7413-48E9-843B-56D1B33605F9}.Debug|x64.Build.0 = Debug|x64
		{57402BA1-7413-48E9-843B-56D1B33605F9}.Debug|x86.ActiveCfg = Debug|Win32
		{57402BA1-7413-48E9-843B-56D1B33605F9}.Debug|x86.Build.0 = Debug|Win32
		{57402BA1-7413-48E9-843B-56D1B33605F9}.Release|x64.ActiveCfg = Release|x64
		{57402BA1-7413-48E9-843B-56D1B33605F9}.Release|x64.Build.0 = Release|x64
		{57402BA1-7413-48E9-843B-56D1B33605F9}.Release|x86.ActiveCfg = Release|Win32
		{57402BA1-7413-48E9-843B-56D1B33605F9}.Release|x86.Build.0 = Release|Win32
		{F497E634-BDAD-4066-97AC-AA26AC61CA3B}.Debug|x64.ActiveCfg = Debug|x64
		{F497E634-BDAD-4066-97AC-AA26AC61CA3B}.Debug|x64.Build.0 = Debug|x64
		{F497E634-BDAD-4066-97AC-AA26AC61CA3B}.Debug|x86.ActiveCfg = Debug|Win32
		{F497E634-BDAD-4066-97AC-AA26AC61CA3B}.Debug|x86.Build.0 = Debug|Win32
		{F497E634-BDAD-4066-97AC-AA26AC61CA3B}.Release|x64.ActiveCfg = Release|x64
		{F497E634-BDAD-4066-97AC-AA26AC61CA3B}.Release|x64.Build.0 = Release|x64
		{F497E634-BDAD-4066-97AC-AA26AC61CA3B}.Release|x86.ActiveCfg = Release|Win32
		{F497E634-BDAD-4066-97AC-AA26AC61CA3B}.Release|x86.Build.0 = Release|Win32
		{43ECCD36-99A1-4990-BB7B-EF32F42340A4}.Debug|x64.ActiveCfg = Debug|x64
		{43ECCD36-99A1-4990-BB7B-EF32F42340A4}.Debug|x64.Build.0 = Debug|x64
		{43ECCD36-99A1-4990-BB7B-EF32F42340A4}.Debug|x86.ActiveCfg = Debug|Win32
		{43ECCD36-99A1-4990-BB7B-EF32F42340A4}.Debug|x86.Build.0 = Debug|Win32
		{43ECCD36-99A1-4990-BB7B-EF32F42340A4}.Release|x64.ActiveCfg = Release|x64
		{43ECCD36-99A1-4990-BB7B-EF32F42340A4}.Release|x64.Build.0 = Release|x64
		{43ECCD36-99A1-4990-BB7B-EF32F42340A4}.Release|x86.ActiveCfg = Release|Win32
		{43ECCD36-99A1-4990-BB7B-EF32F42340A4}.Release|x86.Build.0 = Release|Win32
		{070ECC2D-3298-4E5C-BBD6-0EA127B2A0E0}.Debug|x64.ActiveCfg = Debug|x64
		{070ECC2D-3298-4E5C-BBD6-0EA127B2A0E0}.Debug|x64.Build.0 = Debug|x64
		{070ECC2D-3298-4E5C-BBD6-0EA127B2A0E0}.Debug|x86.ActiveCfg = Debug|Win32
		{070ECC2D-3298-4E5C-BBD6-0EA127B2A0E0}.Debug|x86.Build.0 = Debug|Win32
		{070ECC2D-3298-4E5C-BBD6-0EA127B2A0E0}.Release|x64.ActiveCfg = Release|x64
		{070ECC2D-3298-4E5C-BBD6-0EA127B2A0E0}.Release|x64.Build.0 = Release|x64
		{070ECC2D-3298-4E5C-BBD6-0EA127B2A0E0}.Release|x86.ActiveCfg = Release|Win32
		{070ECC2D-3298-4E5C-BBD6-0EA127B2A0E0}.Release|x86.Build.0 = Release|Win32
		{237874DB-92B5-4B41-A100-FA5881233C17}.Debug|x64.ActiveCfg = Debug|x64
		{237874DB-92B5-4B41-A100-FA5881233C17}.Debug|x64.Build.0 = Debug|x64
		{237874DB-92B5-4B41-A100-FA5881233C17}.Debug|x86.ActiveCfg = Debug|Win32
		{237874DB-92B5-4B41-A100-FA5881233C17}.Debug|x86.Build.0 = Debug|Win32
		{237874DB-92B5-4B41-A100-FA5881233C17}.Release|x64.ActiveCfg = Release|x64
		{237874DB-92B5-4B41-A100-FA5881233C17}.Release|x64.Build.0 = Release|x64
		{237874DB-92B5-4B41-A100-FA5881233C17}.Release|x86.ActiveCfg = Release|Win32
		{237874DB-92B5-4B41-A100-FA5881233C17}.Release|x86.Build.0 = Release|Win32
		{CA8E0929-0332-4F48-8547-4C9E2C93CE52}.Debug|x64.ActiveCfg = Debug|x64
		{CA8E0929-0332-4F48-8547-4C9E2C93CE52}.Debug|x64.Build.0 = Debug|x64
		{CA8E0929-0332-4F48-8547-4C9E2C93CE52}.Debug|x86.ActiveCfg = Debug|Win32
		{CA8E0929-0332-4F48-8547-4C9E2C93CE52}.Debug|x86.Build.0 = Debug|Win32
		{CA8E0929-0332-4F48-8547-4C9E2C93CE52}.Release|x64.ActiveCfg = Release|x64
		{CA8E0929-0332-4F48-8547-4C9E2C93CE52}.Release|x64.Build.0 = Release|x64
		{CA8E0929-0332-4F48-8547-4C9E2C93CE52}.Release|x86.ActiveCfg = Release|Win32
		{CA8E0929-0332-4F48-8547-4C9E2C93CE52}.Release|x86.Build.0 = Release|Win32
	EndGlobalSection
	GlobalSection(SolutionProperties) = preSolution
		HideSolutionNode = FALSE
	EndGlobalSection
	GlobalSection(ExtensibilityGlobals) = postSolution
		SolutionGuid = {391BAD23-A570-4135-928B-BD52864E521A}
	EndGlobalSection
EndGlobal
